{
  "name": "schedule2calendar",
  "version": "1.0.0",
  "lockfileVersion": 3,
  "requires": true,
  "packages": {
    "": {
      "name": "schedule2calendar",
      "version": "1.0.0",
      "license": "ISC",
      "dependencies": {
        "datebook": "^8.0.1"
      }
    },
    "node_modules/datebook": {
      "version": "8.0.1",
      "resolved": "https://registry.npmjs.org/datebook/-/datebook-8.0.1.tgz",
      "integrity": "sha512-qdM9rULfZ/IoDzPW5FrMSXwrL5uBbk1WgVcIj5xwaneeZLZqaIggKjWzODWfk5waLQt7PamPP3s+lLv4cEPsrw=="
    }
  }
}
